
Microsoft Visual Studio Solution File, Format Version 12.00
# Visual Studio 14
VisualStudioVersion = 14.0.25420.1
MinimumVisualStudioVersion = 10.0.40219.1
Project("{FAE04EC0-301F-11D3-BF4B-00C04F79EFBC}") = "Battleship", "Battleship\Battleship.csproj", "{1DB27DF3-1280-4D6F-9775-DC2D3EABC03B}"
EndProject
Project("{FAE04EC0-301F-11D3-BF4B-00C04F79EFBC}") = "BattleshipService", "BattleshipService\BattleshipService.csproj", "{40667941-91FA-487F-86D2-92BE0C715FD3}"
EndProject
Project("{FAE04EC0-301F-11D3-BF4B-00C04F79EFBC}") = "BattleshipUnitTests", "BattleshipUnitTests\BattleshipUnitTests.csproj", "{FA86CAC9-39F2-464E-B3AC-F6AC9D7E57C4}"
EndProject
Project("{FAE04EC0-301F-11D3-BF4B-00C04F79EFBC}") = "BattleshipConsole", "BattleshipConsole\BattleshipConsole.csproj", "{39D8952D-809F-4173-B469-D5DF9522DCA7}"
EndProject
Global
	GlobalSection(SolutionConfigurationPlatforms) = preSolution
		Debug|Any CPU = Debug|Any CPU
		Release|Any CPU = Release|Any CPU
	EndGlobalSection
	GlobalSection(ProjectConfigurationPlatforms) = postSolution
		{1DB27DF3-1280-4D6F-9775-DC2D3EABC03B}.Debug|Any CPU.ActiveCfg = Debug|Any CPU
		{1DB27DF3-1280-4D6F-9775-DC2D3EABC03B}.Debug|Any CPU.Build.0 = Debug|Any CPU
		{1DB27DF3-1280-4D6F-9775-DC2D3EABC03B}.Release|Any CPU.ActiveCfg = Release|Any CPU
		{1DB27DF3-1280-4D6F-9775-DC2D3EABC03B}.Release|Any CPU.Build.0 = Release|Any CPU
		{40667941-91FA-487F-86D2-92BE0C715FD3}.Debug|Any CPU.ActiveCfg = Debug|Any CPU
		{40667941-91FA-487F-86D2-92BE0C715FD3}.Debug|Any CPU.Build.0 = Debug|Any CPU
		{40667941-91FA-487F-86D2-92BE0C715FD3}.Release|Any CPU.ActiveCfg = Release|Any CPU
		{40667941-91FA-487F-86D2-92BE0C715FD3}.Release|Any CPU.Build.0 = Release|Any CPU
		{FA86CAC9-39F2-464E-B3AC-F6AC9D7E57C4}.Debug|Any CPU.ActiveCfg = Debug|Any CPU
		{FA86CAC9-39F2-464E-B3AC-F6AC9D7E57C4}.Debug|Any CPU.Build.0 = Debug|Any CPU
		{FA86CAC9-39F2-464E-B3AC-F6AC9D7E57C4}.Release|Any CPU.ActiveCfg = Release|Any CPU
		{FA86CAC9-39F2-464E-B3AC-F6AC9D7E57C4}.Release|Any CPU.Build.0 = Release|Any CPU
		{39D8952D-809F-4173-B469-D5DF9522DCA7}.Debug|Any CPU.ActiveCfg = Debug|Any CPU
		{39D8952D-809F-4173-B469-D5DF9522DCA7}.Debug|Any CPU.Build.0 = Debug|Any CPU
		{39D8952D-809F-4173-B469-D5DF9522DCA7}.Release|Any CPU.ActiveCfg = Release|Any CPU
		{39D8952D-809F-4173-B469-D5DF9522DCA7}.Release|Any CPU.Build.0 = Release|Any CPU
	EndGlobalSection
	GlobalSection(SolutionProperties) = preSolution
		HideSolutionNode = FALSE
	EndGlobalSection
EndGlobal
